
Microsoft Visual Studio Solution File, Format Version 12.00
# Visual Studio Version 16
VisualStudioVersion = 16.0.30804.86
MinimumVisualStudioVersion = 10.0.40219.1
Project("{FAE04EC0-301F-11D3-BF4B-00C04F79EFBC}") = "Jeux_DesignPattern", "Jeux_DesignPattern\Jeux_DesignPattern.csproj", "{63B68BA6-3C8D-4AF0-A040-A6A30E57B74B}"
EndProject
Global
	GlobalSection(SolutionConfigurationPlatforms) = preSolution
		Debug|Any CPU = Debug|Any CPU
		Release|Any CPU = Release|Any CPU
	EndGlobalSection
	GlobalSection(ProjectConfigurationPlatforms) = postSolution
		{63B68BA6-3C8D-4AF0-A040-A6A30E57B74B}.Debug|Any CPU.ActiveCfg = Debug|Any CPU
		{63B68BA6-3C8D-4AF0-A040-A6A30E57B74B}.Debug|Any CPU.Build.0 = Debug|Any CPU
		{63B68BA6-3C8D-4AF0-A040-A6A30E57B74B}.Release|Any CPU.ActiveCfg = Release|Any CPU
		{63B68BA6-3C8D-4AF0-A040-A6A30E57B74B}.Release|Any CPU.Build.0 = Release|Any CPU
	EndGlobalSection
	GlobalSection(SolutionProperties) = preSolution
		HideSolutionNode = FALSE
	EndGlobalSection
	GlobalSection(ExtensibilityGlobals) = postSolution
		SolutionGuid = {EFC5DAE6-764F-4BBE-BACE-D7D05B4E43EF}
	EndGlobalSection
EndGlobal
